
Microsoft Visual Studio Solution File, Format Version 12.00
# Visual Studio Version 17
VisualStudioVersion = 17.0.31903.59
MinimumVisualStudioVersion = 10.0.40219.1
Project("{FAE04EC0-301F-11D3-BF4B-00C04F79EFBC}") = "API", "API\API.csproj", "{BCE6CFDF-4CBC-4AA7-A9F0-1FBEFFD668CA}"
EndProject
Project("{FAE04EC0-301F-11D3-BF4B-00C04F79EFBC}") = "Application", "Application\Application.csproj", "{35A53546-A131-4EBC-AA3B-53FC81CF8559}"
EndProject
Project("{FAE04EC0-301F-11D3-BF4B-00C04F79EFBC}") = "Domain", "Domain\Domain.csproj", "{9472ED0F-C346-494C-B65F-3EDC08ED50D1}"
EndProject
Project("{FAE04EC0-301F-11D3-BF4B-00C04F79EFBC}") = "Persistence", "Persistence\Persistence.csproj", "{2E4D8974-F5DF-46B8-9CAE-C9B49AB061AA}"
EndProject
Project("{FAE04EC0-301F-11D3-BF4B-00C04F79EFBC}") = "Infrastructure", "Infrastructure\Infrastructure.csproj", "{5C3F7A0B-559F-4F53-9A8D-5769BF7EEE28}"
EndProject
Global
	GlobalSection(SolutionConfigurationPlatforms) = preSolution
		Debug|Any CPU = Debug|Any CPU
		Debug|x64 = Debug|x64
		Debug|x86 = Debug|x86
		Release|Any CPU = Release|Any CPU
		Release|x64 = Release|x64
		Release|x86 = Release|x86
	EndGlobalSection
	GlobalSection(ProjectConfigurationPlatforms) = postSolution
		{BCE6CFDF-4CBC-4AA7-A9F0-1FBEFFD668CA}.Debug|Any CPU.ActiveCfg = Debug|Any CPU
		{BCE6CFDF-4CBC-4AA7-A9F0-1FBEFFD668CA}.Debug|Any CPU.Build.0 = Debug|Any CPU
		{BCE6CFDF-4CBC-4AA7-A9F0-1FBEFFD668CA}.Debug|x64.ActiveCfg = Debug|Any CPU
		{BCE6CFDF-4CBC-4AA7-A9F0-1FBEFFD668CA}.Debug|x64.Build.0 = Debug|Any CPU
		{BCE6CFDF-4CBC-4AA7-A9F0-1FBEFFD668CA}.Debug|x86.ActiveCfg = Debug|Any CPU
		{BCE6CFDF-4CBC-4AA7-A9F0-1FBEFFD668CA}.Debug|x86.Build.0 = Debug|Any CPU
		{BCE6CFDF-4CBC-4AA7-A9F0-1FBEFFD668CA}.Release|Any CPU.ActiveCfg = Release|Any CPU
		{BCE6CFDF-4CBC-4AA7-A9F0-1FBEFFD668CA}.Release|Any CPU.Build.0 = Release|Any CPU
		{BCE6CFDF-4CBC-4AA7-A9F0-1FBEFFD668CA}.Release|x64.ActiveCfg = Release|Any CPU
		{BCE6CFDF-4CBC-4AA7-A9F0-1FBEFFD668CA}.Release|x64.Build.0 = Release|Any CPU
		{BCE6CFDF-4CBC-4AA7-A9F0-1FBEFFD668CA}.Release|x86.ActiveCfg = Release|Any CPU
		{BCE6CFDF-4CBC-4AA7-A9F0-1FBEFFD668CA}.Release|x86.Build.0 = Release|Any CPU
		{35A53546-A131-4EBC-AA3B-53FC81CF8559}.Debug|Any CPU.ActiveCfg = Debug|Any CPU
		{35A53546-A131-4EBC-AA3B-53FC81CF8559}.Debug|Any CPU.Build.0 = Debug|Any CPU
		{35A53546-A131-4EBC-AA3B-53FC81CF8559}.Debug|x64.ActiveCfg = Debug|Any CPU
		{35A53546-A131-4EBC-AA3B-53FC81CF8559}.Debug|x64.Build.0 = Debug|Any CPU
		{35A53546-A131-4EBC-AA3B-53FC81CF8559}.Debug|x86.ActiveCfg = Debug|Any CPU
		{35A53546-A131-4EBC-AA3B-53FC81CF8559}.Debug|x86.Build.0 = Debug|Any CPU
		{35A53546-A131-4EBC-AA3B-53FC81CF8559}.Release|Any CPU.ActiveCfg = Release|Any CPU
		{35A53546-A131-4EBC-AA3B-53FC81CF8559}.Release|Any CPU.Build.0 = Release|Any CPU
		{35A53546-A131-4EBC-AA3B-53FC81CF8559}.Release|x64.ActiveCfg = Release|Any CPU
		{35A53546-A131-4EBC-AA3B-53FC81CF8559}.Release|x64.Build.0 = Release|Any CPU
		{35A53546-A131-4EBC-AA3B-53FC81CF8559}.Release|x86.ActiveCfg = Release|Any CPU
		{35A53546-A131-4EBC-AA3B-53FC81CF8559}.Release|x86.Build.0 = Release|Any CPU
		{9472ED0F-C346-494C-B65F-3EDC08ED50D1}.Debug|Any CPU.ActiveCfg = Debug|Any CPU
		{9472ED0F-C346-494C-B65F-3EDC08ED50D1}.Debug|Any CPU.Build.0 = Debug|Any CPU
		{9472ED0F-C346-494C-B65F-3EDC08ED50D1}.Debug|x64.ActiveCfg = Debug|Any CPU
		{9472ED0F-C346-494C-B65F-3EDC08ED50D1}.Debug|x64.Build.0 = Debug|Any CPU
		{9472ED0F-C346-494C-B65F-3EDC08ED50D1}.Debug|x86.ActiveCfg = Debug|Any CPU
		{9472ED0F-C346-494C-B65F-3EDC08ED50D1}.Debug|x86.Build.0 = Debug|Any CPU
		{9472ED0F-C346-494C-B65F-3EDC08ED50D1}.Release|Any CPU.ActiveCfg = Release|Any CPU
		{9472ED0F-C346-494C-B65F-3EDC08ED50D1}.Release|Any CPU.Build.0 = Release|Any CPU
		{9472ED0F-C346-494C-B65F-3EDC08ED50D1}.Release|x64.ActiveCfg = Release|Any CPU
		{9472ED0F-C346-494C-B65F-3EDC08ED50D1}.Release|x64.Build.0 = Release|Any CPU
		{9472ED0F-C346-494C-B65F-3EDC08ED50D1}.Release|x86.ActiveCfg = Release|Any CPU
		{9472ED0F-C346-494C-B65F-3EDC08ED50D1}.Release|x86.Build.0 = Release|Any CPU
		{2E4D8974-F5DF-46B8-9CAE-C9B49AB061AA}.Debug|Any CPU.ActiveCfg = Debug|Any CPU
		{2E4D8974-F5DF-46B8-9CAE-C9B49AB061AA}.Debug|Any CPU.Build.0 = Debug|Any CPU
		{2E4D8974-F5DF-46B8-9CAE-C9B49AB061AA}.Debug|x64.ActiveCfg = Debug|Any CPU
		{2E4D8974-F5DF-46B8-9CAE-C9B49AB061AA}.Debug|x64.Build.0 = Debug|Any CPU
		{2E4D8974-F5DF-46B8-9CAE-C9B49AB061AA}.Debug|x86.ActiveCfg = Debug|Any CPU
		{2E4D8974-F5DF-46B8-9CAE-C9B49AB061AA}.Debug|x86.Build.0 = Debug|Any CPU
		{2E4D8974-F5DF-46B8-9CAE-C9B49AB061AA}.Release|Any CPU.ActiveCfg = Release|Any CPU
		{2E4D8974-F5DF-46B8-9CAE-C9B49AB061AA}.Release|Any CPU.Build.0 = Release|Any CPU
		{2E4D8974-F5DF-46B8-9CAE-C9B49AB061AA}.Release|x64.ActiveCfg = Release|Any CPU
		{2E4D8974-F5DF-46B8-9CAE-C9B49AB061AA}.Release|x64.Build.0 = Release|Any CPU
		{2E4D8974-F5DF-46B8-9CAE-C9B49AB061AA}.Release|x86.ActiveCfg = Release|Any CPU
		{2E4D8974-F5DF-46B8-9CAE-C9B49AB061AA}.Release|x86.Build.0 = Release|Any CPU
		{5C3F7A0B-559F-4F53-9A8D-5769BF7EEE28}.Debug|Any CPU.ActiveCfg = Debug|Any CPU
		{5C3F7A0B-559F-4F53-9A8D-5769BF7EEE28}.Debug|Any CPU.Build.0 = Debug|Any CPU
		{5C3F7A0B-559F-4F53-9A8D-5769BF7EEE28}.Debug|x64.ActiveCfg = Debug|Any CPU
		{5C3F7A0B-559F-4F53-9A8D-5769BF7EEE28}.Debug|x64.Build.0 = Debug|Any CPU
		{5C3F7A0B-559F-4F53-9A8D-5769BF7EEE28}.Debug|x86.ActiveCfg = Debug|Any CPU
		{5C3F7A0B-559F-4F53-9A8D-5769BF7EEE28}.Debug|x86.Build.0 = Debug|Any CPU
		{5C3F7A0B-559F-4F53-9A8D-5769BF7EEE28}.Release|Any CPU.ActiveCfg = Release|Any CPU
		{5C3F7A0B-559F-4F53-9A8D-5769BF7EEE28}.Release|Any CPU.Build.0 = Release|Any CPU
		{5C3F7A0B-559F-4F53-9A8D-5769BF7EEE28}.Release|x64.ActiveCfg = Release|Any CPU
		{5C3F7A0B-559F-4F53-9A8D-5769BF7EEE28}.Release|x64.Build.0 = Release|Any CPU
		{5C3F7A0B-559F-4F53-9A8D-5769BF7EEE28}.Release|x86.ActiveCfg = Release|Any CPU
		{5C3F7A0B-559F-4F53-9A8D-5769BF7EEE28}.Release|x86.Build.0 = Release|Any CPU
	EndGlobalSection
	GlobalSection(SolutionProperties) = preSolution
		HideSolutionNode = FALSE
	EndGlobalSection
EndGlobal
